
Microsoft Visual Studio Solution File, Format Version 12.00
# Visual Studio Version 16
VisualStudioVersion = 16.0.30204.135
MinimumVisualStudioVersion = 10.0.40219.1
Project("{9A19103F-16F7-4668-BE54-9A1E7A4F7556}") = "RandomStuff.Lib", "RandomStuff.Lib\RandomStuff.Lib.csproj", "{F3515669-E226-46E7-B477-6CA157BD3D31}"
EndProject
Project("{9A19103F-16F7-4668-BE54-9A1E7A4F7556}") = "RandomStuff.WebSite", "RandomStuff.WebSite\RandomStuff.WebSite.csproj", "{DC937CF5-181C-456E-992C-2F2DFE2DB25F}"
EndProject
Project("{9A19103F-16F7-4668-BE54-9A1E7A4F7556}") = "RandomStuff.API", "RandomStuff.API\RandomStuff.API.csproj", "{0348C472-7886-42AB-BF1C-1E585B93FC32}"
EndProject
Global
	GlobalSection(SolutionConfigurationPlatforms) = preSolution
		Debug|Any CPU = Debug|Any CPU
		Release|Any CPU = Release|Any CPU
	EndGlobalSection
	GlobalSection(ProjectConfigurationPlatforms) = postSolution
		{F3515669-E226-46E7-B477-6CA157BD3D31}.Debug|Any CPU.ActiveCfg = Debug|Any CPU
		{F3515669-E226-46E7-B477-6CA157BD3D31}.Debug|Any CPU.Build.0 = Debug|Any CPU
		{F3515669-E226-46E7-B477-6CA157BD3D31}.Release|Any CPU.ActiveCfg = Release|Any CPU
		{F3515669-E226-46E7-B477-6CA157BD3D31}.Release|Any CPU.Build.0 = Release|Any CPU
		{DC937CF5-181C-456E-992C-2F2DFE2DB25F}.Debug|Any CPU.ActiveCfg = Debug|Any CPU
		{DC937CF5-181C-456E-992C-2F2DFE2DB25F}.Debug|Any CPU.Build.0 = Debug|Any CPU
		{DC937CF5-181C-456E-992C-2F2DFE2DB25F}.Release|Any CPU.ActiveCfg = Release|Any CPU
		{DC937CF5-181C-456E-992C-2F2DFE2DB25F}.Release|Any CPU.Build.0 = Release|Any CPU
		{0348C472-7886-42AB-BF1C-1E585B93FC32}.Debug|Any CPU.ActiveCfg = Debug|Any CPU
		{0348C472-7886-42AB-BF1C-1E585B93FC32}.Debug|Any CPU.Build.0 = Debug|Any CPU
		{0348C472-7886-42AB-BF1C-1E585B93FC32}.Release|Any CPU.ActiveCfg = Release|Any CPU
		{0348C472-7886-42AB-BF1C-1E585B93FC32}.Release|Any CPU.Build.0 = Release|Any CPU
	EndGlobalSection
	GlobalSection(SolutionProperties) = preSolution
		HideSolutionNode = FALSE
	EndGlobalSection
	GlobalSection(ExtensibilityGlobals) = postSolution
		SolutionGuid = {772D9A30-527D-473A-A04C-E6B321D158C2}
	EndGlobalSection
EndGlobal
